{
  "name": "Vault-13",
  "version": "0.0.1",
  "lockfileVersion": 1,
  "requires": true,
  "dependencies": {
    "@types/node": {
      "version": "10.3.4",
      "resolved": "https://registry.npmjs.org/@types/node/-/node-10.3.4.tgz",
      "integrity": "sha512-YMLlzdeNnAyLrQew39IFRkMacAR5BqKGIEei9ZjdHsIZtv+ZWKYTu1i7QJhetxQ9ReXx8w5f+cixdHZG3zgMQA=="
    },
    "@types/react": {
      "version": "16.4.1",
      "resolved": "https://registry.npmjs.org/@types/react/-/react-16.4.1.tgz",
      "integrity": "sha512-uZP8Fd4f7rwHKztnOhFJYEJsKXO7opmcyKk5P9vRC8UJAx3AiWaGFiLxDqPJqzO3n3IhF/v6rdscxadarEXnag==",
      "requires": {
        "csstype": "2.5.5"
      }
    },
    "@types/react-dom": {
      "version": "16.0.6",
      "resolved": "https://registry.npmjs.org/@types/react-dom/-/react-dom-16.0.6.tgz",
      "integrity": "sha512-M+1zmwa5KxUpkCuxA4whlDJKYTGNvNQW4pIoCLH16xGbClicD9CzPry4y94kTjCCk/bJZCZ/GVqUsP7eKcO/mQ==",
      "requires": {
        "@types/node": "10.3.4",
        "@types/react": "16.4.1"
      }
    },
    "csstype": {
      "version": "2.5.5",
      "resolved": "https://registry.npmjs.org/csstype/-/csstype-2.5.5.tgz",
      "integrity": "sha512-EGMjeoiN3aqEX5u/cyH5mSdGBDGdLcCQvcEcBWNGFSPXKd9uOTIeVG91YQ22OxI44DKpvI+4C7VUSmEpsHWJaA=="
    }
  }
}
